
Microsoft Visual Studio Solution File, Format Version 12.00
# Visual Studio Version 17
VisualStudioVersion = 17.8.34511.84
MinimumVisualStudioVersion = 10.0.40219.1
Project("{FAE04EC0-301F-11D3-BF4B-00C04F79EFBC}") = "UserIdentityManagement", "UserIdentityManagement\UserIdentityManagement.csproj", "{888B07DF-44F3-48D7-AB53-DCD5B79AE5C5}"
EndProject
Global
	GlobalSection(SolutionConfigurationPlatforms) = preSolution
		Debug|Any CPU = Debug|Any CPU
		Release|Any CPU = Release|Any CPU
	EndGlobalSection
	GlobalSection(ProjectConfigurationPlatforms) = postSolution
		{888B07DF-44F3-48D7-AB53-DCD5B79AE5C5}.Debug|Any CPU.ActiveCfg = Debug|Any CPU
		{888B07DF-44F3-48D7-AB53-DCD5B79AE5C5}.Debug|Any CPU.Build.0 = Debug|Any CPU
		{888B07DF-44F3-48D7-AB53-DCD5B79AE5C5}.Release|Any CPU.ActiveCfg = Release|Any CPU
		{888B07DF-44F3-48D7-AB53-DCD5B79AE5C5}.Release|Any CPU.Build.0 = Release|Any CPU
	EndGlobalSection
	GlobalSection(SolutionProperties) = preSolution
		HideSolutionNode = FALSE
	EndGlobalSection
	GlobalSection(ExtensibilityGlobals) = postSolution
		SolutionGuid = {09EB5209-BF8E-429C-AFAF-E02AEA1179D9}
	EndGlobalSection
EndGlobal
